
Microsoft Visual Studio Solution File, Format Version 12.00
# Visual Studio Version 16
VisualStudioVersion = 16.0.32002.261
MinimumVisualStudioVersion = 10.0.40219.1
Project("{FAE04EC0-301F-11D3-BF4B-00C04F79EFBC}") = "AbctackFabrikADYn", "AbctackFabrikADYn\AbctackFabrikADYn.csproj", "{A5012A63-0869-4791-8BB0-E69254C8FCF2}"
EndProject
Project("{FAE04EC0-301F-11D3-BF4B-00C04F79EFBC}") = "MyLib1", "MyLib1\MyLib1.csproj", "{24ED1581-FF76-4516-8EE5-9F294F93C52F}"
EndProject
Global
	GlobalSection(SolutionConfigurationPlatforms) = preSolution
		Debug|Any CPU = Debug|Any CPU
		Release|Any CPU = Release|Any CPU
	EndGlobalSection
	GlobalSection(ProjectConfigurationPlatforms) = postSolution
		{A5012A63-0869-4791-8BB0-E69254C8FCF2}.Debug|Any CPU.ActiveCfg = Debug|Any CPU
		{A5012A63-0869-4791-8BB0-E69254C8FCF2}.Debug|Any CPU.Build.0 = Debug|Any CPU
		{A5012A63-0869-4791-8BB0-E69254C8FCF2}.Release|Any CPU.ActiveCfg = Release|Any CPU
		{A5012A63-0869-4791-8BB0-E69254C8FCF2}.Release|Any CPU.Build.0 = Release|Any CPU
		{24ED1581-FF76-4516-8EE5-9F294F93C52F}.Debug|Any CPU.ActiveCfg = Debug|Any CPU
		{24ED1581-FF76-4516-8EE5-9F294F93C52F}.Debug|Any CPU.Build.0 = Debug|Any CPU
		{24ED1581-FF76-4516-8EE5-9F294F93C52F}.Release|Any CPU.ActiveCfg = Release|Any CPU
		{24ED1581-FF76-4516-8EE5-9F294F93C52F}.Release|Any CPU.Build.0 = Release|Any CPU
	EndGlobalSection
	GlobalSection(SolutionProperties) = preSolution
		HideSolutionNode = FALSE
	EndGlobalSection
	GlobalSection(ExtensibilityGlobals) = postSolution
		SolutionGuid = {42A4DB52-F8FB-43E9-AB3A-BAFB19115999}
	EndGlobalSection
EndGlobal
